
Microsoft Visual Studio Solution File, Format Version 12.00
# Visual Studio Version 17
VisualStudioVersion = 17.7.34024.191
MinimumVisualStudioVersion = 10.0.40219.1
Project("{8BC9CEB8-8B4A-11D0-8D11-00A0C91BC942}") = "1001", "1001\1001.vcxproj", "{2FEA585F-040F-4131-8C9B-8BEF46D2A099}"
EndProject
Project("{8BC9CEB8-8B4A-11D0-8D11-00A0C91BC942}") = "1002", "1002\1002.vcxproj", "{50C75F2E-B4A5-4421-92FC-9F0441F5850F}"
EndProject
Project("{8BC9CEB8-8B4A-11D0-8D11-00A0C91BC942}") = "1003", "1003\1003.vcxproj", "{E5F86BC5-908B-498E-8F88-FE9525ABCDAE}"
EndProject
Project("{8BC9CEB8-8B4A-11D0-8D11-00A0C91BC942}") = "1004", "1004\1004.vcxproj", "{A73C540E-F248-4E9D-A26E-996553BC2CF6}"
EndProject
Project("{8BC9CEB8-8B4A-11D0-8D11-00A0C91BC942}") = "1005", "1005\1005.vcxproj", "{445716F9-B142-4DE0-B40E-8E557FA4C70C}"
EndProject
Project("{8BC9CEB8-8B4A-11D0-8D11-00A0C91BC942}") = "1006", "1006\1006.vcxproj", "{A3212FEF-7A63-483B-9239-792BAF34CC7D}"
EndProject
Project("{8BC9CEB8-8B4A-11D0-8D11-00A0C91BC942}") = "1007", "1007\1007.vcxproj", "{4F562124-D253-477F-82E4-095386417936}"
EndProject
Project("{8BC9CEB8-8B4A-11D0-8D11-00A0C91BC942}") = "1008", "1008\1008.vcxproj", "{F1181F9C-12AD-4185-B59C-174442610E8B}"
EndProject
Project("{8BC9CEB8-8B4A-11D0-8D11-00A0C91BC942}") = "1009", "1009\1009.vcxproj", "{6AB73CF8-CFC8-4E6B-85E4-05F38790713A}"
EndProject
Project("{8BC9CEB8-8B4A-11D0-8D11-00A0C91BC942}") = "1010", "1010\1010.vcxproj", "{E624B6F5-B705-4A07-9D27-9B399CC1D349}"
EndProject
Project("{8BC9CEB8-8B4A-11D0-8D11-00A0C91BC942}") = "1011", "1011\1011.vcxproj", "{47222C38-E0A8-460C-8489-97DA1F065DD6}"
EndProject
Project("{8BC9CEB8-8B4A-11D0-8D11-00A0C91BC942}") = "1012", "1012\1012.vcxproj", "{6EF71932-CB58-4B6D-8790-6D588D014780}"
EndProject
Global
	GlobalSection(SolutionConfigurationPlatforms) = preSolution
		Debug|x64 = Debug|x64
		Debug|x86 = Debug|x86
		Release|x64 = Release|x64
		Release|x86 = Release|x86
	EndGlobalSection
	GlobalSection(ProjectConfigurationPlatforms) = postSolution
		{2FEA585F-040F-4131-8C9B-8BEF46D2A099}.Debug|x64.ActiveCfg = Debug|x64
		{2FEA585F-040F-4131-8C9B-8BEF46D2A099}.Debug|x64.Build.0 = Debug|x64
		{2FEA585F-040F-4131-8C9B-8BEF46D2A099}.Debug|x86.ActiveCfg = Debug|Win32
		{2FEA585F-040F-4131-8C9B-8BEF46D2A099}.Debug|x86.Build.0 = Debug|Win32
		{2FEA585F-040F-4131-8C9B-8BEF46D2A099}.Release|x64.ActiveCfg = Release|x64
		{2FEA585F-040F-4131-8C9B-8BEF46D2A099}.Release|x64.Build.0 = Release|x64
		{2FEA585F-040F-4131-8C9B-8BEF46D2A099}.Release|x86.ActiveCfg = Release|Win32
		{2FEA585F-040F-4131-8C9B-8BEF46D2A099}.Release|x86.Build.0 = Release|Win32
		{50C75F2E-B4A5-4421-92FC-9F0441F5850F}.Debug|x64.ActiveCfg = Debug|x64
		{50C75F2E-B4A5-4421-92FC-9F0441F5850F}.Debug|x64.Build.0 = Debug|x64
		{50C75F2E-B4A5-4421-92FC-9F0441F5850F}.Debug|x86.ActiveCfg = Debug|Win32
		{50C75F2E-B4A5-4421-92FC-9F0441F5850F}.Debug|x86.Build.0 = Debug|Win32
		{50C75F2E-B4A5-4421-92FC-9F0441F5850F}.Release|x64.ActiveCfg = Release|x64
		{50C75F2E-B4A5-4421-92FC-9F0441F5850F}.Release|x64.Build.0 = Release|x64
		{50C75F2E-B4A5-4421-92FC-9F0441F5850F}.Release|x86.ActiveCfg = Release|Win32
		{50C75F2E-B4A5-4421-92FC-9F0441F5850F}.Release|x86.Build.0 = Release|Win32
		{E5F86BC5-908B-498E-8F88-FE9525ABCDAE}.Debug|x64.ActiveCfg = Debug|x64
		{E5F86BC5-908B-498E-8F88-FE9525ABCDAE}.Debug|x64.Build.0 = Debug|x64
		{E5F86BC5-908B-498E-8F88-FE9525ABCDAE}.Debug|x86.ActiveCfg = Debug|Win32
		{E5F86BC5-908B-498E-8F88-FE9525ABCDAE}.Debug|x86.Build.0 = Debug|Win32
		{E5F86BC5-908B-498E-8F88-FE9525ABCDAE}.Release|x64.ActiveCfg = Release|x64
		{E5F86BC5-908B-498E-8F88-FE9525ABCDAE}.Release|x64.Build.0 = Release|x64
		{E5F86BC5-908B-498E-8F88-FE9525ABCDAE}.Release|x86.ActiveCfg = Release|Win32
		{E5F86BC5-908B-498E-8F88-FE9525ABCDAE}.Release|x86.Build.0 = Release|Win32
		{A73C540E-F248-4E9D-A26E-996553BC2CF6}.Debug|x64.ActiveCfg = Debug|x64
		{A73C540E-F248-4E9D-A26E-996553BC2CF6}.Debug|x64.Build.0 = Debug|x64
		{A73C540E-F248-4E9D-A26E-996553BC2CF6}.Debug|x86.ActiveCfg = Debug|Win32
		{A73C540E-F248-4E9D-A26E-996553BC2CF6}.Debug|x86.Build.0 = Debug|Win32
		{A73C540E-F248-4E9D-A26E-996553BC2CF6}.Release|x64.ActiveCfg = Release|x64
		{A73C540E-F248-4E9D-A26E-996553BC2CF6}.Release|x64.Build.0 = Release|x64
		{A73C540E-F248-4E9D-A26E-996553BC2CF6}.Release|x86.ActiveCfg = Release|Win32
		{A73C540E-F248-4E9D-A26E-996553BC2CF6}.Release|x86.Build.0 = Release|Win32
		{445716F9-B142-4DE0-B40E-8E557FA4C70C}.Debug|x64.ActiveCfg = Debug|x64
		{445716F9-B142-4DE0-B40E-8E557FA4C70C}.Debug|x64.Build.0 = Debug|x64
		{445716F9-B142-4DE0-B40E-8E557FA4C70C}.Debug|x86.ActiveCfg = Debug|Win32
		{445716F9-B142-4DE0-B40E-8E557FA4C70C}.Debug|x86.Build.0 = Debug|Win32
		{445716F9-B142-4DE0-B40E-8E557FA4C70C}.Release|x64.ActiveCfg = Release|x64
		{445716F9-B142-4DE0-B40E-8E557FA4C70C}.Release|x64.Build.0 = Release|x64
		{445716F9-B142-4DE0-B40E-8E557FA4C70C}.Release|x86.ActiveCfg = Release|Win32
		{445716F9-B142-4DE0-B40E-8E557FA4C70C}.Release|x86.Build.0 = Release|Win32
		{A3212FEF-7A63-483B-9239-792BAF34CC7D}.Debug|x64.ActiveCfg = Debug|x64
		{A3212FEF-7A63-483B-9239-792BAF34CC7D}.Debug|x64.Build.0 = Debug|x64
		{A3212FEF-7A63-483B-9239-792BAF34CC7D}.Debug|x86.ActiveCfg = Debug|Win32
		{A3212FEF-7A63-483B-9239-792BAF34CC7D}.Debug|x86.Build.0 = Debug|Win32
		{A3212FEF-7A63-483B-9239-792BAF34CC7D}.Release|x64.ActiveCfg = Release|x64
		{A3212FEF-7A63-483B-9239-792BAF34CC7D}.Release|x64.Build.0 = Release|x64
		{A3212FEF-7A63-483B-9239-792BAF34CC7D}.Release|x86.ActiveCfg = Release|Win32
		{A3212FEF-7A63-483B-9239-792BAF34CC7D}.Release|x86.Build.0 = Release|Win32
		{4F562124-D253-477F-82E4-095386417936}.Debug|x64.ActiveCfg = Debug|x64
		{4F562124-D253-477F-82E4-095386417936}.Debug|x64.Build.0 = Debug|x64
		{4F562124-D253-477F-82E4-095386417936}.Debug|x86.ActiveCfg = Debug|Win32
		{4F562124-D253-477F-82E4-095386417936}.Debug|x86.Build.0 = Debug|Win32
		{4F562124-D253-477F-82E4-095386417936}.Release|x64.ActiveCfg = Release|x64
		{4F562124-D253-477F-82E4-095386417936}.Release|x64.Build.0 = Release|x64
		{4F562124-D253-477F-82E4-095386417936}.Release|x86.ActiveCfg = Release|Win32
		{4F562124-D253-477F-82E4-095386417936}.Release|x86.Build.0 = Release|Win32
		{F1181F9C-12AD-4185-B59C-174442610E8B}.Debug|x64.ActiveCfg = Debug|x64
		{F1181F9C-12AD-4185-B59C-174442610E8B}.Debug|x64.Build.0 = Debug|x64
		{F1181F9C-12AD-4185-B59C-174442610E8B}.Debug|x86.ActiveCfg = Debug|Win32
		{F1181F9C-12AD-4185-B59C-174442610E8B}.Debug|x86.Build.0 = Debug|Win32
		{F1181F9C-12AD-4185-B59C-174442610E8B}.Release|x64.ActiveCfg = Release|x64
		{F1181F9C-12AD-4185-B59C-174442610E8B}.Release|x64.Build.0 = Release|x64
		{F1181F9C-12AD-4185-B59C-174442610E8B}.Release|x86.ActiveCfg = Release|Win32
		{F1181F9C-12AD-4185-B59C-174442610E8B}.Release|x86.Build.0 = Release|Win32
		{6AB73CF8-CFC8-4E6B-85E4-05F38790713A}.Debug|x64.ActiveCfg = Debug|x64
		{6AB73CF8-CFC8-4E6B-85E4-05F38790713A}.Debug|x64.Build.0 = Debug|x64
		{6AB73CF8-CFC8-4E6B-85E4-05F38790713A}.Debug|x86.ActiveCfg = Debug|Win32
		{6AB73CF8-CFC8-4E6B-85E4-05F38790713A}.Debug|x86.Build.0 = Debug|Win32
		{6AB73CF8-CFC8-4E6B-85E4-05F38790713A}.Release|x64.ActiveCfg = Release|x64
		{6AB73CF8-CFC8-4E6B-85E4-05F38790713A}.Release|x64.Build.0 = Release|x64
		{6AB73CF8-CFC8-4E6B-85E4-05F38790713A}.Release|x86.ActiveCfg = Release|Win32
		{6AB73CF8-CFC8-4E6B-85E4-05F38790713A}.Release|x86.Build.0 = Release|Win32
		{E624B6F5-B705-4A07-9D27-9B399CC1D349}.Debug|x64.ActiveCfg = Debug|x64
		{E624B6F5-B705-4A07-9D27-9B399CC1D349}.Debug|x64.Build.0 = Debug|x64
		{E624B6F5-B705-4A07-9D27-9B399CC1D349}.Debug|x86.ActiveCfg = Debug|Win32
		{E624B6F5-B705-4A07-9D27-9B399CC1D349}.Debug|x86.Build.0 = Debug|Win32
		{E624B6F5-B705-4A07-9D27-9B399CC1D349}.Release|x64.ActiveCfg = Release|x64
		{E624B6F5-B705-4A07-9D27-9B399CC1D349}.Release|x64.Build.0 = Release|x64
		{E624B6F5-B705-4A07-9D27-9B399CC1D349}.Release|x86.ActiveCfg = Release|Win32
		{E624B6F5-B705-4A07-9D27-9B399CC1D349}.Release|x86.Build.0 = Release|Win32
		{47222C38-E0A8-460C-8489-97DA1F065DD6}.Debug|x64.ActiveCfg = Debug|x64
		{47222C38-E0A8-460C-8489-97DA1F065DD6}.Debug|x64.Build.0 = Debug|x64
		{47222C38-E0A8-460C-8489-97DA1F065DD6}.Debug|x86.ActiveCfg = Debug|Win32
		{47222C38-E0A8-460C-8489-97DA1F065DD6}.Debug|x86.Build.0 = Debug|Win32
		{47222C38-E0A8-460C-8489-97DA1F065DD6}.Release|x64.ActiveCfg = Release|x64
		{47222C38-E0A8-460C-8489-97DA1F065DD6}.Release|x64.Build.0 = Release|x64
		{47222C38-E0A8-460C-8489-97DA1F065DD6}.Release|x86.ActiveCfg = Release|Win32
		{47222C38-E0A8-460C-8489-97DA1F065DD6}.Release|x86.Build.0 = Release|Win32
		{6EF71932-CB58-4B6D-8790-6D588D014780}.Debug|x64.ActiveCfg = Debug|x64
		{6EF71932-CB58-4B6D-8790-6D588D014780}.Debug|x64.Build.0 = Debug|x64
		{6EF71932-CB58-4B6D-8790-6D588D014780}.Debug|x86.ActiveCfg = Debug|Win32
		{6EF71932-CB58-4B6D-8790-6D588D014780}.Debug|x86.Build.0 = Debug|Win32
		{6EF71932-CB58-4B6D-8790-6D588D014780}.Release|x64.ActiveCfg = Release|x64
		{6EF71932-CB58-4B6D-8790-6D588D014780}.Release|x64.Build.0 = Release|x64
		{6EF71932-CB58-4B6D-8790-6D588D014780}.Release|x86.ActiveCfg = Release|Win32
		{6EF71932-CB58-4B6D-8790-6D588D014780}.Release|x86.Build.0 = Release|Win32
	EndGlobalSection
	GlobalSection(SolutionProperties) = preSolution
		HideSolutionNode = FALSE
	EndGlobalSection
	GlobalSection(ExtensibilityGlobals) = postSolution
		SolutionGuid = {522EAB19-9B94-4D79-9CF1-FDB0E625907A}
	EndGlobalSection
EndGlobal
